{
  "projects": [
    {
      "projectId": "28Ba3BDvRe7EiWdfFNnLB6",
      "version": "2.3.0",
      "dependencies": {},
      "lang": "js",
      "fileLocks": [
        {
          "assetId": "28Ba3BDvRe7EiWdfFNnLB6",
          "type": "projectCss",
          "checksum": "afb87f03e25d1c04c54780213015f602"
        }
      ],
      "codegenVersion": "0.0.1"
    },
    {
      "projectId": "7nJ7UcFmq9UzB6eXfC5z4a",
      "version": "0.0.3",
      "dependencies": {},
      "lang": "js",
      "fileLocks": [
        {
          "assetId": "7nJ7UcFmq9UzB6eXfC5z4a",
          "type": "projectCss",
          "checksum": "64c620350c9cd9f72dd5f82b2936978e"
        }
      ],
      "codegenVersion": "0.0.1"
    },
    {
      "projectId": "uu5v5CefeBFWJ3g58RuWZW",
      "version": "latest",
      "dependencies": {
        "7nJ7UcFmq9UzB6eXfC5z4a": "0.8.0",
        "28Ba3BDvRe7EiWdfFNnLB6": "2.12.2",
        "58GpZjZCWTaJ8AUhpCwt2K": "3.8.0",
        "r3ASNrnyvLLLAtDvzUioQ": "3.8.0"
      },
      "lang": "js",
      "fileLocks": [
        {
          "type": "globalVariant",
          "assetId": "aAzWHVM6PJSv1",
          "checksum": "586f53480a4c43802a247aa6e9e94d5f"
        },
        {
          "type": "renderModule",
          "assetId": "nmfZ_w1bFQh4",
          "checksum": "671adf6b96ce7910b3a5372e626f45ea"
        },
        {
          "type": "cssRules",
          "assetId": "nmfZ_w1bFQh4",
          "checksum": "671adf6b96ce7910b3a5372e626f45ea"
        },
        {
          "type": "renderModule",
          "assetId": "i2u7Uturkgt",
          "checksum": "647411b396aa66dff08d540109b94c90"
        },
        {
          "type": "cssRules",
          "assetId": "i2u7Uturkgt",
          "checksum": "647411b396aa66dff08d540109b94c90"
        },
        {
          "type": "renderModule",
          "assetId": "RhmfQLZ342T",
          "checksum": "438699e4ba684ef87a9b523e6a1ef6c4"
        },
        {
          "type": "cssRules",
          "assetId": "RhmfQLZ342T",
          "checksum": "438699e4ba684ef87a9b523e6a1ef6c4"
        },
        {
          "type": "renderModule",
          "assetId": "BW02p9J3E9",
          "checksum": "dc11712704ec8b1c3f17beed91b9ca2c"
        },
        {
          "type": "cssRules",
          "assetId": "BW02p9J3E9",
          "checksum": "dc11712704ec8b1c3f17beed91b9ca2c"
        },
        {
          "type": "renderModule",
          "assetId": "Qi8fjVputO",
          "checksum": "04bf9dbeb8221ba8bfd978e9704d156c"
        },
        {
          "type": "cssRules",
          "assetId": "Qi8fjVputO",
          "checksum": "04bf9dbeb8221ba8bfd978e9704d156c"
        },
        {
          "type": "renderModule",
          "assetId": "0UCZXj9Zumd",
          "checksum": "0ca91c3abd2c60a1a0fb06f0af91cacc"
        },
        {
          "type": "cssRules",
          "assetId": "0UCZXj9Zumd",
          "checksum": "0ca91c3abd2c60a1a0fb06f0af91cacc"
        },
        {
          "type": "renderModule",
          "assetId": "rM_3tFwMIBc",
          "checksum": "d3467f810ad2d6ec585041d7abcfe89a"
        },
        {
          "type": "cssRules",
          "assetId": "rM_3tFwMIBc",
          "checksum": "d3467f810ad2d6ec585041d7abcfe89a"
        },
        {
          "type": "icon",
          "assetId": "A08-LHJjwFT",
          "checksum": "a82f255f03c9127741b2fab00436e431"
        },
        {
          "type": "icon",
          "assetId": "8dLtbwyM_Be",
          "checksum": "4fcb00db33fdef5b4ca0b83061d0c9a5"
        },
        {
          "type": "icon",
          "assetId": "jcu2bb0zp",
          "checksum": "d733fbb2a49dc260d0e2057a547dd371"
        },
        {
          "type": "icon",
          "assetId": "cX-sNpvDs",
          "checksum": "64f054bb80e7031238cbce3d763e84a9"
        },
        {
          "type": "icon",
          "assetId": "SlK3sDjyJ9j",
          "checksum": "d3ac4889de601dc3045ae13a2ea70c21"
        },
        {
          "type": "icon",
          "assetId": "y1mSuDyPtw9",
          "checksum": "bd24a1d8b47513a6b4831a5695335fc3"
        },
        {
          "type": "icon",
          "assetId": "_6WWMFT1FeI",
          "checksum": "be97389d2de3444d6abedc666d0ff7c1"
        },
        {
          "type": "icon",
          "assetId": "egZub56_e-",
          "checksum": "248c72dd3ba4c497c1fab266fbf4ff96"
        },
        {
          "type": "image",
          "assetId": "asTAwjdfJA",
          "checksum": "72ae3cfae8aef3320c5c82e0f059dfb7"
        },
        {
          "type": "image",
          "assetId": "zETTVdDKUBk",
          "checksum": "1380a8ef563610e6bbe9b6632eec129c"
        },
        {
          "type": "image",
          "assetId": "9tK_q8Sy_",
          "checksum": "18d53d58d649122f49c45403f7f298d0"
        },
        {
          "type": "image",
          "assetId": "DIHGtkA9H3",
          "checksum": "8d3eb6484eb1802dc3e015bb05896f05"
        },
        {
          "type": "image",
          "assetId": "Z3Py0ikf4",
          "checksum": "d7dd0368b8de7867aa66520766296b53"
        },
        {
          "type": "image",
          "assetId": "KTx7QBCd7",
          "checksum": "cd91a66ebec8946579f6e0feea9b41f6"
        },
        {
          "type": "image",
          "assetId": "BUGETiqhT",
          "checksum": "abee5def5fa76f03d8075bc70502cb30"
        },
        {
          "type": "image",
          "assetId": "BZzAupQw5-",
          "checksum": "0e9cea69f3dfc1e1ab31ae9e62c136a8"
        },
        {
          "type": "image",
          "assetId": "NGGuTdQQZ",
          "checksum": "59bf88d4ae9025923f0a29833edd41c4"
        },
        {
          "type": "image",
          "assetId": "eLzfeTTIGZ",
          "checksum": "e4cf930a75ee28b0ce2e9476eefe6953"
        },
        {
          "type": "image",
          "assetId": "RqDhaxaBV",
          "checksum": "911731ea849406a62fa616c153d6e52c"
        },
        {
          "type": "image",
          "assetId": "xKNK6mzl8",
          "checksum": "fa1eb9fc929efdfc16653c0560934772"
        },
        {
          "type": "image",
          "assetId": "xSpyNpbVC",
          "checksum": "2008915287da724d2f7bcc66f6632d2d"
        },
        {
          "type": "image",
          "assetId": "ktZvSgpX3",
          "checksum": "a53b9c69efbf334f294c7d98f5a64ad2"
        },
        {
          "type": "image",
          "assetId": "sG5QXGgnN",
          "checksum": "67a1a534c3f251c5ff449dcfef78bb84"
        },
        {
          "type": "image",
          "assetId": "AvAn_Kfog",
          "checksum": "ae187af0bda88b641e14436dfc49c6b7"
        },
        {
          "type": "image",
          "assetId": "JaJlMKytt",
          "checksum": "4cf77e66cdb28fce72bbb0ef51293b11"
        },
        {
          "type": "image",
          "assetId": "n_m1517ao",
          "checksum": "f62e9a9af52993d4cb4abdf75342a809"
        },
        {
          "type": "image",
          "assetId": "C28AvbXR4",
          "checksum": "9fbb59fcc6ff82601f0e8d1832400ce8"
        },
        {
          "type": "image",
          "assetId": "H_Z23_I3yn",
          "checksum": "6bfec7d152824956c71635f8c83b4d0a"
        },
        {
          "type": "image",
          "assetId": "cq7W34igVt",
          "checksum": "5e062590354b98cded86967e68672502"
        },
        {
          "type": "image",
          "assetId": "2IgFnzRrg",
          "checksum": "27e98a20e7b86a252c4e29b7f0768c2e"
        },
        {
          "type": "image",
          "assetId": "oFFgkBSF1",
          "checksum": "372aec3a989b8f2228032da2b1f82747"
        },
        {
          "type": "image",
          "assetId": "TEIaqtlIh",
          "checksum": "bedfb15a4d233e2e5041b1c51be26b8e"
        },
        {
          "type": "image",
          "assetId": "ypGLW4YG4",
          "checksum": "f31d9f662a6500ba0efcb06d2e24f28e"
        },
        {
          "type": "image",
          "assetId": "d9Kazplxb",
          "checksum": "8678f4f3f555e9f480614f7d772b7d7b"
        },
        {
          "type": "image",
          "assetId": "j81oyBP4Q",
          "checksum": "7f023fcf418d274f96e42c5bec191258"
        },
        {
          "type": "image",
          "assetId": "i2W0HOkea",
          "checksum": "eb85eba69aa7dbbb8aad3e3024da76d3"
        },
        {
          "type": "image",
          "assetId": "e_fU-nZso",
          "checksum": "c47f88e3c2632b9a4ea8f3bdd07e5c7c"
        },
        {
          "type": "image",
          "assetId": "4-Oc_4L-E0",
          "checksum": "a23e37179407c636365315fea5500156"
        },
        {
          "type": "image",
          "assetId": "lUUAGOb9n9",
          "checksum": "62d507f9b46de358d37dd57ada844929"
        },
        {
          "type": "image",
          "assetId": "IwDbQZ7Mc3",
          "checksum": "bf5c9ed582954a759f8145c8eeff627c"
        },
        {
          "type": "image",
          "assetId": "li4XsSX9I",
          "checksum": "7b94cb5d6050d6b03695270d20a81a9e"
        },
        {
          "type": "image",
          "assetId": "LCZljj7H3",
          "checksum": "61de153a6614614a946b6af1bc1bb350"
        },
        {
          "type": "image",
          "assetId": "L9b60DVYf",
          "checksum": "d43547039abc44e069d18c9c421dfb71"
        },
        {
          "type": "image",
          "assetId": "oy70P0dV5",
          "checksum": "33e280e714e890abcdc88d129d97ba7b"
        },
        {
          "type": "image",
          "assetId": "EVQ4oZHOW",
          "checksum": "5b9cb84fd69e1d31718b335f64007919"
        },
        {
          "type": "image",
          "assetId": "J36q0EyCx",
          "checksum": "78e508948ed128919cebac0cdc73d132"
        },
        {
          "type": "image",
          "assetId": "7wY11MX3O",
          "checksum": "ca807b923a22280d6a7c9110a2bfdfff"
        },
        {
          "type": "image",
          "assetId": "fMZ_ADzZb",
          "checksum": "1780a8dded6498ae357d73618394b68c"
        },
        {
          "type": "image",
          "assetId": "KzfFzkAuT",
          "checksum": "9ce2f7d7946320a43131c03d428897f9"
        },
        {
          "type": "image",
          "assetId": "Tw3rXaUv7",
          "checksum": "5ed52255dbef515741b6347405d8a35f"
        },
        {
          "type": "image",
          "assetId": "3CSoMm4uh",
          "checksum": "fbefc0f047b3e80cac28395166cb32cc"
        },
        {
          "type": "image",
          "assetId": "1rI9KUQTz",
          "checksum": "0298f177008b6be960364d2737abd6bf"
        },
        {
          "type": "image",
          "assetId": "TQlJi9Cl3",
          "checksum": "0f95eabb6e011e2ab6742b711ea14731"
        },
        {
          "type": "image",
          "assetId": "ekDydkqcZ",
          "checksum": "c7b2d06d303dd96e65ee4f542db18e40"
        },
        {
          "type": "image",
          "assetId": "X6mBDPqxW",
          "checksum": "7c761ea824d860d03c681c2c74fb9d29"
        },
        {
          "type": "image",
          "assetId": "2_wLHdfo_",
          "checksum": "ec605e7a0774df7dd7a3ee2854cd81e1"
        },
        {
          "type": "image",
          "assetId": "q36Wj7Su7",
          "checksum": "c7a12181fd97fd8b70519e23cec63e8a"
        },
        {
          "type": "image",
          "assetId": "Daac1-_Uz-",
          "checksum": "b2b7ed927d63960838456d9be02c041a"
        },
        {
          "type": "image",
          "assetId": "9LDHME-Ry",
          "checksum": "de2b3c9c6e30e10b4c4c888a11adde12"
        },
        {
          "type": "image",
          "assetId": "0KhpcwPYb",
          "checksum": "3871854246de1a05b76b7cf7e1d5beca"
        },
        {
          "type": "image",
          "assetId": "It31wkx6U",
          "checksum": "8f3f2379843d282f37686dd48288843a"
        },
        {
          "type": "image",
          "assetId": "RiB9WdHzJ",
          "checksum": "70fa1c836cf28545f74951598b393355"
        },
        {
          "type": "image",
          "assetId": "lgrA4Y9cy",
          "checksum": "54bb819c93df3874592f1009a38a3e89"
        },
        {
          "type": "renderModule",
          "assetId": "CslIQr77kIH",
          "checksum": "eace0fea3ff988a23988fe4183c8006b"
        },
        {
          "type": "cssRules",
          "assetId": "CslIQr77kIH",
          "checksum": "eace0fea3ff988a23988fe4183c8006b"
        },
        {
          "type": "renderModule",
          "assetId": "YL4LSeLth1y",
          "checksum": "d0efd9a87a2bc4292ca0199284d030d6"
        },
        {
          "type": "cssRules",
          "assetId": "YL4LSeLth1y",
          "checksum": "d0efd9a87a2bc4292ca0199284d030d6"
        },
        {
          "type": "renderModule",
          "assetId": "teoAA_M6SM2",
          "checksum": "ac50d37404c52550dea4e6975f7057b1"
        },
        {
          "type": "cssRules",
          "assetId": "teoAA_M6SM2",
          "checksum": "ac50d37404c52550dea4e6975f7057b1"
        },
        {
          "type": "renderModule",
          "assetId": "F-wbj2VstZH",
          "checksum": "201ebc6d506d70329020d1089527ff0b"
        },
        {
          "type": "cssRules",
          "assetId": "F-wbj2VstZH",
          "checksum": "201ebc6d506d70329020d1089527ff0b"
        },
        {
          "type": "icon",
          "assetId": "NEB4z9XxWS",
          "checksum": "54109fea7c4526ea398c981593cd266a"
        },
        {
          "type": "icon",
          "assetId": "amHUaBVUcW",
          "checksum": "e061e211f466af4a884db3037c898f9c"
        },
        {
          "type": "icon",
          "assetId": "5eo7YEJwcw",
          "checksum": "5826abe6b954b377398963b22665edf3"
        },
        {
          "type": "image",
          "assetId": "un0yXAAyX",
          "checksum": "bde0ae0353d005720bc5ef6b7daf4ef6"
        },
        {
          "type": "image",
          "assetId": "6Ezsola4F",
          "checksum": "5fb58b5cd8529a7449de17d0a069fcc3"
        },
        {
          "type": "image",
          "assetId": "oJqnElDTGz",
          "checksum": "5b1f1a6ac28bafdc8c6f0efd90708453"
        },
        {
          "type": "image",
          "assetId": "S5jbv6HmTb",
          "checksum": "5b39c0d013a3b1e25c174973251e18ce"
        },
        {
          "type": "image",
          "assetId": "ioHbUnIPE",
          "checksum": "c07ce316e13c41d64877b89d218cd4d1"
        },
        {
          "type": "image",
          "assetId": "dSxS101BD",
          "checksum": "99c708e94f39bb902ec0d6f256c73c59"
        },
        {
          "type": "image",
          "assetId": "7ag-onzeC",
          "checksum": "1ffd680d4f66a186d9d2bfeebdae5f14"
        },
        {
          "type": "image",
          "assetId": "aN3lM3Rqx",
          "checksum": "ecceb2e035d0943dea20097e4d6b4328"
        },
        {
          "type": "image",
          "assetId": "X65pLRm6O",
          "checksum": "15abeed0fcb47b98e24af4def1a6b1f8"
        },
        {
          "type": "image",
          "assetId": "SxlAKZLyQ",
          "checksum": "2cc596b641bc3434c6930f691c077c6e"
        },
        {
          "type": "image",
          "assetId": "Z_YDzHNqL",
          "checksum": "9054838875dd8b0b64a1e19fcbe95462"
        },
        {
          "type": "image",
          "assetId": "vnpNHmRZV",
          "checksum": "1c72dafa8e0723ecf4d9082b53961618"
        },
        {
          "type": "image",
          "assetId": "n3aKGPLXQ",
          "checksum": "045e7a2ca2157d473a8dbb99777107a1"
        },
        {
          "type": "image",
          "assetId": "EuRzOul7D",
          "checksum": "a596874933c70d30086a5c51583d4437"
        },
        {
          "type": "image",
          "assetId": "3G8mWcWudI",
          "checksum": "c1c4ab963d5f8a13e9cdc646e835fe06"
        },
        {
          "type": "image",
          "assetId": "9CD57NdIa",
          "checksum": "17635e84b7075a49711a16917a142305"
        },
        {
          "type": "renderModule",
          "assetId": "dZ4nzDGoQBJ",
          "checksum": "a47f8fafcbd642c11ab8627e4b8f545d"
        },
        {
          "type": "cssRules",
          "assetId": "dZ4nzDGoQBJ",
          "checksum": "a47f8fafcbd642c11ab8627e4b8f545d"
        },
        {
          "type": "renderModule",
          "assetId": "BnI8QqbLFB1",
          "checksum": "577c3f02c2a852b2e60bb61598e7ec44"
        },
        {
          "type": "cssRules",
          "assetId": "BnI8QqbLFB1",
          "checksum": "577c3f02c2a852b2e60bb61598e7ec44"
        },
        {
          "type": "renderModule",
          "assetId": "m_CDDYoZWSz",
          "checksum": "88f1fddbd5f59fd8d43e3ceba916cce6"
        },
        {
          "type": "cssRules",
          "assetId": "m_CDDYoZWSz",
          "checksum": "88f1fddbd5f59fd8d43e3ceba916cce6"
        },
        {
          "type": "renderModule",
          "assetId": "NqsYigGE71r",
          "checksum": "b6231dd46c21324c705afc8d8d4e6bcb"
        },
        {
          "type": "cssRules",
          "assetId": "NqsYigGE71r",
          "checksum": "b6231dd46c21324c705afc8d8d4e6bcb"
        },
        {
          "type": "renderModule",
          "assetId": "NSoGBrrbgF6",
          "checksum": "51d3ff057e8ac06809bfa9216ea36286"
        },
        {
          "type": "cssRules",
          "assetId": "NSoGBrrbgF6",
          "checksum": "51d3ff057e8ac06809bfa9216ea36286"
        },
        {
          "type": "renderModule",
          "assetId": "E4wSCl7Y8G1",
          "checksum": "85c94675804e41d427a7a0d8f85809a1"
        },
        {
          "type": "cssRules",
          "assetId": "E4wSCl7Y8G1",
          "checksum": "85c94675804e41d427a7a0d8f85809a1"
        },
        {
          "type": "renderModule",
          "assetId": "NpX8BOIOpFo",
          "checksum": "e214d1400b7683e596c9f06f08ba3300"
        },
        {
          "type": "cssRules",
          "assetId": "NpX8BOIOpFo",
          "checksum": "e214d1400b7683e596c9f06f08ba3300"
        },
        {
          "type": "icon",
          "assetId": "K-cd-Q1Qgpb",
          "checksum": "f077c38cdbf97bdd88b552837c9b6f60"
        },
        {
          "type": "icon",
          "assetId": "yCQ3pABYwa8",
          "checksum": "6b93f74cb3812d3b80ac632c1149a2b0"
        },
        {
          "type": "image",
          "assetId": "DPkL_BPUO",
          "checksum": "eb0fd8d3c8f8d09cf1de3072a131e7a4"
        },
        {
          "type": "image",
          "assetId": "JkzxvrAAa",
          "checksum": "970ab3854b98224a445169d118492f76"
        },
        {
          "type": "image",
          "assetId": "F_voehJxH",
          "checksum": "071e22cf5b84099885897ca81f36bb72"
        },
        {
          "type": "image",
          "assetId": "zrn8lUt4z",
          "checksum": "a0582f89861d1ceb2a47507302bd5dc1"
        },
        {
          "type": "image",
          "assetId": "iBAto17y2",
          "checksum": "452226220cc7e10b5ff8cf245fb66cdc"
        },
        {
          "type": "image",
          "assetId": "RI9n5uMX3",
          "checksum": "cb5c7f3b130fec971f1feee685d69389"
        },
        {
          "type": "image",
          "assetId": "4-ghy6eAN",
          "checksum": "50604d3da0c481ed4cee4a54860dab59"
        },
        {
          "type": "image",
          "assetId": "OHnknOGRv",
          "checksum": "d0db4551278cd00ef415e6a65297b591"
        },
        {
          "type": "image",
          "assetId": "J4uC9Ex4V",
          "checksum": "424c0a49f59c63ec9a0f276272ffe851"
        },
        {
          "type": "image",
          "assetId": "LR73RiQS2",
          "checksum": "29d9ff4e46330abcbdce4d20a1632a7c"
        },
        {
          "type": "image",
          "assetId": "zraVek1o9",
          "checksum": "51c9d098cb755afee2d324558cb0fec5"
        },
        {
          "type": "image",
          "assetId": "hgSA0m5jw",
          "checksum": "cf981a69d8cfd44f20dea3c1ab1508cf"
        },
        {
          "type": "image",
          "assetId": "sVv8Cc7LK",
          "checksum": "78e959bc08f01f522bd7d90db91e1839"
        },
        {
          "type": "image",
          "assetId": "ITK2Z5to2",
          "checksum": "7df313fc71f009fecf7e6e751aa28f32"
        },
        {
          "type": "image",
          "assetId": "uHzpz2V0M",
          "checksum": "03a27991c6c740af92f6d4c267277cdb"
        },
        {
          "type": "image",
          "assetId": "nrfASD9hE",
          "checksum": "f8259a1353e329a3a1083d4377485c30"
        },
        {
          "type": "image",
          "assetId": "70s-Z9vex",
          "checksum": "a192ab31d49a520dfcb933fb8fcfd21e"
        },
        {
          "type": "image",
          "assetId": "iY87waGni",
          "checksum": "c5598c1a04a82715840f220711883659"
        },
        {
          "type": "image",
          "assetId": "8IQS_ZVd7",
          "checksum": "1eeff1c95fce4df9d8fb54ed46b216c2"
        },
        {
          "type": "image",
          "assetId": "TeNyMMOrG",
          "checksum": "f064ae6704d5d2fc139de9759608af49"
        },
        {
          "type": "image",
          "assetId": "XlcyO4MRh",
          "checksum": "2f9e41f005acddd53006f39fc1197b5e"
        },
        {
          "type": "image",
          "assetId": "X8SdV08N2",
          "checksum": "806c85bea8b94b72bcc9b3d249d91c4c"
        },
        {
          "type": "image",
          "assetId": "LYWDOMcQp",
          "checksum": "f634e808850784afb5651624dbbc91b2"
        },
        {
          "type": "renderModule",
          "assetId": "lNCO1zQqfc",
          "checksum": "aceea52d16073935582ea0827b01c87e"
        },
        {
          "type": "cssRules",
          "assetId": "lNCO1zQqfc",
          "checksum": "aceea52d16073935582ea0827b01c87e"
        },
        {
          "type": "renderModule",
          "assetId": "O4MESrAuYA",
          "checksum": "7b4d7aa13853c96df8c80ac850a7da27"
        },
        {
          "type": "cssRules",
          "assetId": "O4MESrAuYA",
          "checksum": "7b4d7aa13853c96df8c80ac850a7da27"
        },
        {
          "type": "image",
          "assetId": "4Qm4RK40o",
          "checksum": "f5fd738d87250df22f8375a2e1aa64ce"
        },
        {
          "type": "image",
          "assetId": "MDmVmU8Tu",
          "checksum": "764c9b219dc9df1bedb2007f97b20a5f"
        },
        {
          "type": "image",
          "assetId": "ynATZ06bX",
          "checksum": "3456b8b96d80f93884c44c881a838456"
        },
        {
          "type": "image",
          "assetId": "y6rQnOtS6",
          "checksum": "8e00e3501f75ff3a92647783dc29333d"
        },
        {
          "type": "image",
          "assetId": "-IQJWac94",
          "checksum": "4e82659285e23fac981c7c1669a4dd11"
        },
        {
          "type": "image",
          "assetId": "ygd-qWRQC",
          "checksum": "63c2fbb6f89a831e7f16d663412f9c91"
        },
        {
          "type": "image",
          "assetId": "Px_wBGCZq",
          "checksum": "0bb2f28cbea2a77efd33480776ea390e"
        },
        {
          "type": "image",
          "assetId": "TO3GciSrX",
          "checksum": "160e209f7357084ca6e9af4bbe15fbf0"
        },
        {
          "type": "image",
          "assetId": "PCBs6Yr09",
          "checksum": "a4d0ded7b438ed08948ae7902d96a21f"
        },
        {
          "type": "image",
          "assetId": "7b4hyB2zy",
          "checksum": "09e3276b094e96b6a4841d650a996a6b"
        },
        {
          "type": "image",
          "assetId": "rmXy9f9zy",
          "checksum": "f5ce2439e85d7e831f9090c8bd1fe5ff"
        },
        {
          "type": "image",
          "assetId": "pGthreAtx",
          "checksum": "91fd6b1d8f99ac9717367e28d3491c97"
        },
        {
          "type": "image",
          "assetId": "cp4JR48DW",
          "checksum": "dd79f474834bc424f76985786fe1b4f2"
        },
        {
          "type": "image",
          "assetId": "N7vrsExKS",
          "checksum": "35d1eb61635d5714e5783c9c7070d269"
        },
        {
          "type": "image",
          "assetId": "NFyBZNm0x6",
          "checksum": "ed855ca92a2bb8fd173de3c736cf71cb"
        },
        {
          "type": "image",
          "assetId": "vPzmcjeuGR",
          "checksum": "531a76b2911668bb4d78eb2a473a71f8"
        },
        {
          "type": "image",
          "assetId": "y2Z-XgrBo6",
          "checksum": "3f97c8b0ceee64109e8b35cc2bf1f7e9"
        },
        {
          "type": "image",
          "assetId": "yTaBxBym6x",
          "checksum": "df72ab226d06e99e0c55aff74ad8571e"
        },
        {
          "type": "image",
          "assetId": "VCNSWNu8W",
          "checksum": "932236bb6a33925e882ce7d29448b6c7"
        },
        {
          "type": "image",
          "assetId": "FvdGeL2khg",
          "checksum": "e3ae3ba92d5f1ccd90be5bffaa84b7a2"
        },
        {
          "type": "renderModule",
          "assetId": "OcmELIHcZf",
          "checksum": "01437e345c626428ee4a417c44172512"
        },
        {
          "type": "cssRules",
          "assetId": "OcmELIHcZf",
          "checksum": "01437e345c626428ee4a417c44172512"
        },
        {
          "type": "image",
          "assetId": "9S0EZa2VM",
          "checksum": "087ac7373052b1aa13777ccb3f9495da"
        },
        {
          "type": "image",
          "assetId": "2202Hw1rJ",
          "checksum": "3c010f1ee8b6d4daf2c1657d1043a6c2"
        },
        {
          "type": "image",
          "assetId": "NywMcMIbC",
          "checksum": "14f1e8d898d8a8ddd28f8e2a045896e9"
        },
        {
          "type": "image",
          "assetId": "h1G7ekiWgx",
          "checksum": "2f2161632bb800f2b8afe821f91d19f8"
        },
        {
          "type": "image",
          "assetId": "xJA9D6q77",
          "checksum": "0ce35f2b22fd34c37606f3e8a030d266"
        },
        {
          "type": "renderModule",
          "assetId": "BXPGlJBTJGj",
          "checksum": "0423ea5610cf7d7e81d792f0e16a00e5"
        },
        {
          "type": "cssRules",
          "assetId": "BXPGlJBTJGj",
          "checksum": "0423ea5610cf7d7e81d792f0e16a00e5"
        },
        {
          "type": "image",
          "assetId": "OziH8-Brv",
          "checksum": "e83d65d35e21a29cb2ed53b4f51d80f3"
        },
        {
          "type": "image",
          "assetId": "7fWIz0aVn",
          "checksum": "d3d7e6f3ecf918fd128698de083f2ebe"
        },
        {
          "type": "image",
          "assetId": "CtEPsrnJc",
          "checksum": "7f62bcfbf4b021e892b85d2d8141cd02"
        },
        {
          "type": "image",
          "assetId": "Is63lHkAn",
          "checksum": "fea2a2650d1a98880ad7a86152946f5d"
        },
        {
          "type": "image",
          "assetId": "UqIRwqGGf",
          "checksum": "601da75a4a11d271859621123884945e"
        },
        {
          "type": "image",
          "assetId": "u95Ylhhpv",
          "checksum": "5474d5d5cc46bc369f938248a037c4a9"
        },
        {
          "assetId": "uu5v5CefeBFWJ3g58RuWZW",
          "type": "projectCss",
          "checksum": "50ebe49be20a46dd8979cd779ed9250f"
        },
        {
          "type": "image",
          "assetId": "BJvvrFGLP",
          "checksum": "e3179a5106f0a36843fad623efd70aff"
        },
        {
          "type": "image",
          "assetId": "WNrsTjGSl",
          "checksum": "d3dc930dbad542f3514a17974ad8cea3"
        },
        {
          "type": "image",
          "assetId": "kubWKEWcd",
          "checksum": "410d77b1669ba0fde0455fedbceddafc"
        },
        {
          "type": "image",
          "assetId": "taMtTFOnP",
          "checksum": "e74fd2f3d8bac1b9ba22d78d4db1c575"
        },
        {
          "type": "image",
          "assetId": "bB-tUyKpo",
          "checksum": "f43e468596d6d322641f48d9ec35ceca"
        },
        {
          "type": "image",
          "assetId": "Z6kRU6UKx",
          "checksum": "6677bf4080d0509b90aa0b25e2f9b4de"
        }
      ],
      "codegenVersion": "0.0.1"
    },
    {
      "projectId": "58GpZjZCWTaJ8AUhpCwt2K",
      "version": "3.8.0",
      "dependencies": {},
      "lang": "js",
      "fileLocks": [
        {
          "assetId": "58GpZjZCWTaJ8AUhpCwt2K",
          "type": "projectCss",
          "checksum": "dbf25c878cd885da8866557c058b53ff"
        }
      ],
      "codegenVersion": "0.0.1"
    },
    {
      "projectId": "r3ASNrnyvLLLAtDvzUioQ",
      "version": "3.8.0",
      "dependencies": {},
      "lang": "js",
      "fileLocks": [
        {
          "assetId": "r3ASNrnyvLLLAtDvzUioQ",
          "type": "projectCss",
          "checksum": "7d1dbacf8e8dfb8f835321834e1f308e"
        }
      ],
      "codegenVersion": "0.0.1"
    }
  ],
  "cliVersion": "0.1.184"
}
