{
  "projects": [
    {
      "projectId": "28Ba3BDvRe7EiWdfFNnLB6",
      "version": "2.3.0",
      "dependencies": {},
      "lang": "js",
      "fileLocks": [
        {
          "assetId": "28Ba3BDvRe7EiWdfFNnLB6",
          "type": "projectCss",
          "checksum": "afb87f03e25d1c04c54780213015f602"
        }
      ],
      "codegenVersion": "0.0.1"
    },
    {
      "projectId": "7nJ7UcFmq9UzB6eXfC5z4a",
      "version": "0.0.3",
      "dependencies": {},
      "lang": "js",
      "fileLocks": [
        {
          "assetId": "7nJ7UcFmq9UzB6eXfC5z4a",
          "type": "projectCss",
          "checksum": "64c620350c9cd9f72dd5f82b2936978e"
        }
      ],
      "codegenVersion": "0.0.1"
    },
    {
      "projectId": "uu5v5CefeBFWJ3g58RuWZW",
      "version": "latest",
      "dependencies": {
        "7nJ7UcFmq9UzB6eXfC5z4a": "0.0.3",
        "28Ba3BDvRe7EiWdfFNnLB6": "2.3.0"
      },
      "lang": "js",
      "fileLocks": [
        {
          "type": "globalVariant",
          "assetId": "aAzWHVM6PJSv1",
          "checksum": "586f53480a4c43802a247aa6e9e94d5f"
        },
        {
          "type": "renderModule",
          "assetId": "nmfZ_w1bFQh4",
          "checksum": "aca4b8ea04aef4660a74d115d2f05efb"
        },
        {
          "type": "cssRules",
          "assetId": "nmfZ_w1bFQh4",
          "checksum": "aca4b8ea04aef4660a74d115d2f05efb"
        },
        {
          "type": "renderModule",
          "assetId": "i2u7Uturkgt",
          "checksum": "b4e3377c1ea9e418a319c2bc71182651"
        },
        {
          "type": "cssRules",
          "assetId": "i2u7Uturkgt",
          "checksum": "b4e3377c1ea9e418a319c2bc71182651"
        },
        {
          "type": "renderModule",
          "assetId": "RhmfQLZ342T",
          "checksum": "46f04d3db7c7e8e3529fe5028ae027ab"
        },
        {
          "type": "cssRules",
          "assetId": "RhmfQLZ342T",
          "checksum": "46f04d3db7c7e8e3529fe5028ae027ab"
        },
        {
          "type": "renderModule",
          "assetId": "BW02p9J3E9",
          "checksum": "f000d7a29a89a64880e96666739f8610"
        },
        {
          "type": "cssRules",
          "assetId": "BW02p9J3E9",
          "checksum": "f000d7a29a89a64880e96666739f8610"
        },
        {
          "type": "renderModule",
          "assetId": "Qi8fjVputO",
          "checksum": "abd2599ea9028041f54805c782f28ed9"
        },
        {
          "type": "cssRules",
          "assetId": "Qi8fjVputO",
          "checksum": "abd2599ea9028041f54805c782f28ed9"
        },
        {
          "type": "renderModule",
          "assetId": "0UCZXj9Zumd",
          "checksum": "e25ec38355bb352a0e2ef2edb95c5953"
        },
        {
          "type": "cssRules",
          "assetId": "0UCZXj9Zumd",
          "checksum": "e25ec38355bb352a0e2ef2edb95c5953"
        },
        {
          "type": "renderModule",
          "assetId": "DlUpeRRY4J",
          "checksum": "ea58e88e875fa2fd9c5f800b8da2576f"
        },
        {
          "type": "cssRules",
          "assetId": "DlUpeRRY4J",
          "checksum": "ea58e88e875fa2fd9c5f800b8da2576f"
        },
        {
          "type": "renderModule",
          "assetId": "rM_3tFwMIBc",
          "checksum": "67a18928671365cafa690d5d91ae1771"
        },
        {
          "type": "cssRules",
          "assetId": "rM_3tFwMIBc",
          "checksum": "67a18928671365cafa690d5d91ae1771"
        },
        {
          "type": "renderModule",
          "assetId": "0UdrnE_GFOJ",
          "checksum": "95d58af0f1c47ea81c8412105c91d689"
        },
        {
          "type": "cssRules",
          "assetId": "0UdrnE_GFOJ",
          "checksum": "95d58af0f1c47ea81c8412105c91d689"
        },
        {
          "type": "icon",
          "assetId": "A08-LHJjwFT",
          "checksum": "a82f255f03c9127741b2fab00436e431"
        },
        {
          "type": "icon",
          "assetId": "8dLtbwyM_Be",
          "checksum": "4fcb00db33fdef5b4ca0b83061d0c9a5"
        },
        {
          "type": "icon",
          "assetId": "jcu2bb0zp",
          "checksum": "d733fbb2a49dc260d0e2057a547dd371"
        },
        {
          "type": "icon",
          "assetId": "cX-sNpvDs",
          "checksum": "64f054bb80e7031238cbce3d763e84a9"
        },
        {
          "type": "icon",
          "assetId": "SlK3sDjyJ9j",
          "checksum": "d3ac4889de601dc3045ae13a2ea70c21"
        },
        {
          "type": "icon",
          "assetId": "y1mSuDyPtw9",
          "checksum": "bd24a1d8b47513a6b4831a5695335fc3"
        },
        {
          "type": "icon",
          "assetId": "_6WWMFT1FeI",
          "checksum": "be97389d2de3444d6abedc666d0ff7c1"
        },
        {
          "type": "icon",
          "assetId": "egZub56_e-",
          "checksum": "248c72dd3ba4c497c1fab266fbf4ff96"
        },
        {
          "type": "image",
          "assetId": "asTAwjdfJA",
          "checksum": "72ae3cfae8aef3320c5c82e0f059dfb7"
        },
        {
          "type": "image",
          "assetId": "zETTVdDKUBk",
          "checksum": "1380a8ef563610e6bbe9b6632eec129c"
        },
        {
          "type": "image",
          "assetId": "9tK_q8Sy_",
          "checksum": "18d53d58d649122f49c45403f7f298d0"
        },
        {
          "type": "image",
          "assetId": "DIHGtkA9H3",
          "checksum": "8d3eb6484eb1802dc3e015bb05896f05"
        },
        {
          "type": "image",
          "assetId": "Z3Py0ikf4",
          "checksum": "d7dd0368b8de7867aa66520766296b53"
        },
        {
          "type": "image",
          "assetId": "KTx7QBCd7",
          "checksum": "cd91a66ebec8946579f6e0feea9b41f6"
        },
        {
          "type": "image",
          "assetId": "BUGETiqhT",
          "checksum": "abee5def5fa76f03d8075bc70502cb30"
        },
        {
          "type": "image",
          "assetId": "BZzAupQw5-",
          "checksum": "0e9cea69f3dfc1e1ab31ae9e62c136a8"
        },
        {
          "type": "image",
          "assetId": "NGGuTdQQZ",
          "checksum": "59bf88d4ae9025923f0a29833edd41c4"
        },
        {
          "type": "image",
          "assetId": "eLzfeTTIGZ",
          "checksum": "e4cf930a75ee28b0ce2e9476eefe6953"
        },
        {
          "type": "image",
          "assetId": "RqDhaxaBV",
          "checksum": "911731ea849406a62fa616c153d6e52c"
        },
        {
          "type": "image",
          "assetId": "xKNK6mzl8",
          "checksum": "fa1eb9fc929efdfc16653c0560934772"
        },
        {
          "type": "image",
          "assetId": "xSpyNpbVC",
          "checksum": "2008915287da724d2f7bcc66f6632d2d"
        },
        {
          "type": "image",
          "assetId": "ktZvSgpX3",
          "checksum": "a53b9c69efbf334f294c7d98f5a64ad2"
        },
        {
          "type": "image",
          "assetId": "sG5QXGgnN",
          "checksum": "67a1a534c3f251c5ff449dcfef78bb84"
        },
        {
          "type": "image",
          "assetId": "AvAn_Kfog",
          "checksum": "ae187af0bda88b641e14436dfc49c6b7"
        },
        {
          "type": "image",
          "assetId": "JaJlMKytt",
          "checksum": "4cf77e66cdb28fce72bbb0ef51293b11"
        },
        {
          "type": "image",
          "assetId": "n_m1517ao",
          "checksum": "f62e9a9af52993d4cb4abdf75342a809"
        },
        {
          "type": "image",
          "assetId": "C28AvbXR4",
          "checksum": "9fbb59fcc6ff82601f0e8d1832400ce8"
        },
        {
          "type": "image",
          "assetId": "H_Z23_I3yn",
          "checksum": "6bfec7d152824956c71635f8c83b4d0a"
        },
        {
          "type": "image",
          "assetId": "cq7W34igVt",
          "checksum": "5e062590354b98cded86967e68672502"
        },
        {
          "type": "image",
          "assetId": "2IgFnzRrg",
          "checksum": "27e98a20e7b86a252c4e29b7f0768c2e"
        },
        {
          "type": "image",
          "assetId": "oFFgkBSF1",
          "checksum": "372aec3a989b8f2228032da2b1f82747"
        },
        {
          "type": "image",
          "assetId": "TEIaqtlIh",
          "checksum": "bedfb15a4d233e2e5041b1c51be26b8e"
        },
        {
          "type": "image",
          "assetId": "ypGLW4YG4",
          "checksum": "f31d9f662a6500ba0efcb06d2e24f28e"
        },
        {
          "type": "image",
          "assetId": "d9Kazplxb",
          "checksum": "8678f4f3f555e9f480614f7d772b7d7b"
        },
        {
          "type": "image",
          "assetId": "j81oyBP4Q",
          "checksum": "7f023fcf418d274f96e42c5bec191258"
        },
        {
          "type": "image",
          "assetId": "i2W0HOkea",
          "checksum": "eb85eba69aa7dbbb8aad3e3024da76d3"
        },
        {
          "type": "image",
          "assetId": "e_fU-nZso",
          "checksum": "c47f88e3c2632b9a4ea8f3bdd07e5c7c"
        },
        {
          "type": "image",
          "assetId": "4-Oc_4L-E0",
          "checksum": "a23e37179407c636365315fea5500156"
        },
        {
          "type": "image",
          "assetId": "lUUAGOb9n9",
          "checksum": "62d507f9b46de358d37dd57ada844929"
        },
        {
          "type": "image",
          "assetId": "IwDbQZ7Mc3",
          "checksum": "bf5c9ed582954a759f8145c8eeff627c"
        },
        {
          "type": "image",
          "assetId": "li4XsSX9I",
          "checksum": "7b94cb5d6050d6b03695270d20a81a9e"
        },
        {
          "type": "image",
          "assetId": "LCZljj7H3",
          "checksum": "61de153a6614614a946b6af1bc1bb350"
        },
        {
          "type": "image",
          "assetId": "L9b60DVYf",
          "checksum": "d43547039abc44e069d18c9c421dfb71"
        },
        {
          "type": "image",
          "assetId": "oy70P0dV5",
          "checksum": "33e280e714e890abcdc88d129d97ba7b"
        },
        {
          "type": "image",
          "assetId": "EVQ4oZHOW",
          "checksum": "5b9cb84fd69e1d31718b335f64007919"
        },
        {
          "type": "image",
          "assetId": "J36q0EyCx",
          "checksum": "78e508948ed128919cebac0cdc73d132"
        },
        {
          "type": "image",
          "assetId": "7wY11MX3O",
          "checksum": "ca807b923a22280d6a7c9110a2bfdfff"
        },
        {
          "type": "image",
          "assetId": "fMZ_ADzZb",
          "checksum": "1780a8dded6498ae357d73618394b68c"
        },
        {
          "type": "image",
          "assetId": "KzfFzkAuT",
          "checksum": "9ce2f7d7946320a43131c03d428897f9"
        },
        {
          "type": "image",
          "assetId": "Tw3rXaUv7",
          "checksum": "5ed52255dbef515741b6347405d8a35f"
        },
        {
          "type": "image",
          "assetId": "3CSoMm4uh",
          "checksum": "fbefc0f047b3e80cac28395166cb32cc"
        },
        {
          "type": "image",
          "assetId": "1rI9KUQTz",
          "checksum": "0298f177008b6be960364d2737abd6bf"
        },
        {
          "type": "image",
          "assetId": "TQlJi9Cl3",
          "checksum": "0f95eabb6e011e2ab6742b711ea14731"
        },
        {
          "type": "image",
          "assetId": "ekDydkqcZ",
          "checksum": "c7b2d06d303dd96e65ee4f542db18e40"
        },
        {
          "type": "image",
          "assetId": "X6mBDPqxW",
          "checksum": "7c761ea824d860d03c681c2c74fb9d29"
        },
        {
          "type": "image",
          "assetId": "2_wLHdfo_",
          "checksum": "ec605e7a0774df7dd7a3ee2854cd81e1"
        },
        {
          "type": "image",
          "assetId": "q36Wj7Su7",
          "checksum": "c7a12181fd97fd8b70519e23cec63e8a"
        },
        {
          "type": "image",
          "assetId": "Daac1-_Uz-",
          "checksum": "b2b7ed927d63960838456d9be02c041a"
        },
        {
          "type": "image",
          "assetId": "9LDHME-Ry",
          "checksum": "de2b3c9c6e30e10b4c4c888a11adde12"
        },
        {
          "type": "image",
          "assetId": "0KhpcwPYb",
          "checksum": "3871854246de1a05b76b7cf7e1d5beca"
        },
        {
          "type": "image",
          "assetId": "It31wkx6U",
          "checksum": "8f3f2379843d282f37686dd48288843a"
        },
        {
          "type": "image",
          "assetId": "RiB9WdHzJ",
          "checksum": "70fa1c836cf28545f74951598b393355"
        },
        {
          "type": "image",
          "assetId": "lgrA4Y9cy",
          "checksum": "54bb819c93df3874592f1009a38a3e89"
        },
        {
          "assetId": "uu5v5CefeBFWJ3g58RuWZW",
          "type": "projectCss",
          "checksum": "0faf04a9a49e04b7e9a5783b87428cde"
        }
      ],
      "codegenVersion": "0.0.1"
    }
  ],
  "cliVersion": "0.1.184"
}
